hash: ddf69367e70bcb1e918740727da82f72a5ec0ede83123f20a17ce2ccfd6bc3ff
updated: 2017-06-07T08:19:24.763859729-05:00
imports:
- name: github.com/codegangsta/inject
  version: 33e0aa1cb7c019ccc3fbe049a8262a6403d30504
- name: github.com/codeskyblue/go-sh
  version: b097669b1569203c3ce05a6b8717d43140fdb3d5
- name: github.com/cpuguy83/go-md2man
  version: 23709d0847197db6021a51fdb193e66e9222d4e7
  subpackages:
  - md2man
- name: github.com/fatih/color
  version: 9131ab34cf20d2f6d83fdc67168a5430d1c7dc23
- name: github.com/gesquive/cli
  version: 944950c5782fb9490e1e8c2b46d21194aae2c21b
- name: github.com/go-ini/ini
  version: d3de07a94d22b4a0972deb4b96d790c2c0ce8333
- name: github.com/inconshreveable/mousetrap
  version: 76626ae9c91c4f2a10f34cad8ce83ea42c93bb75
- name: github.com/mattn/go-colorable
  version: 5411d3eea5978e6cdc258b30de592b60df6aba96
  repo: https://github.com/mattn/go-colorable
- name: github.com/mattn/go-isatty
  version: 57fdcb988a5c543893cc61bce354a6e24ab70022
  repo: https://github.com/mattn/go-isatty
- name: github.com/russross/blackfriday
  version: 0ba0f2b6ed7c475a92e4df8641825cb7a11d1fa3
- name: github.com/spf13/cobra
  version: 99ff9334bda26384b5ef4a4aaa4d444d29bdde73
  subpackages:
  - doc
- name: github.com/spf13/pflag
  version: e57e3eeb33f795204c1ca35f56c44f83227c6e66
- name: golang.org/x/sys
  version: e24f485414aeafb646f6fca458b0bf869c0880a1
  repo: https://go.googlesource.com/sys
  subpackages:
  - unix
- name: gopkg.in/yaml.v2
  version: cd8b52f8269e0feb286dfeef29f8fe4d5b397e0b
testImports: []
